// !$*UTF8*$!
{
	archiveVersion = 1;
	classes = {
	};
	objectVersion = 46;
	objects = {

/* Begin PBXBuildFile section */
		5BEE38CC1BBDA23200574CBB /* main.m in Sources */ = {isa = PBXBuildFile; fileRef = 5BEE38CB1BBDA23200574CBB /* main.m */; };
		5BEE38CF1BBDA23200574CBB /* AppDelegate.m in Sources */ = {isa = PBXBuildFile; fileRef = 5BEE38CE1BBDA23200574CBB /* AppDelegate.m */; };
		5BEE38D21BBDA23200574CBB /* ViewController.m in Sources */ = {isa = PBXBuildFile; fileRef = 5BEE38D11BBDA23200574CBB /* ViewController.m */; };
		5BEE38D51BBDA23200574CBB /* Main.storyboard in Resources */ = {isa = PBXBuildFile; fileRef = 5BEE38D31BBDA23200574CBB /* Main.storyboard */; };
		5BEE38D71BBDA23200574CBB /* Assets.xcassets in Resources */ = {isa = PBXBuildFile; fileRef = 5BEE38D61BBDA23200574CBB /* Assets.xcassets */; };
		5BEE38DA1BBDA23200574CBB /* LaunchScreen.storyboard in Resources */ = {isa = PBXBuildFile; fileRef = 5BEE38D81BBDA23200574CBB /* LaunchScreen.storyboard */; };
		5BEE38E51BBDA23200574CBB /* FunFactsTests.m in Sources */ = {isa = PBXBuildFile; fileRef = 5BEE38E41BBDA23200574CBB /* FunFactsTests.m */; };
		5BEE38F01BBDA23200574CBB /* FunFactsUITests.m in Sources */ = {isa = PBXBuildFile; fileRef = 5BEE38EF1BBDA23200574CBB /* FunFactsUITests.m */; };
/* End PBXBuildFile section */

/* Begin PBXContainerItemProxy section */
		5BEE38E11BBDA23200574CBB /* PBXContainerItemProxy */ = {
			isa = PBXContainerItemProxy;
			containerPortal = 5BEE38BF1BBDA23200574CBB /* Project object */;
			proxyType = 1;
			remoteGlobalIDString = 5BEE38C61BBDA23200574CBB;
			remoteInfo = FunFacts;
		};
		5BEE38EC1BBDA23200574CBB /* PBXContainerItemProxy */ = {
			isa = PBXContainerItemProxy;
			containerPortal = 5BEE38BF1BBDA23200574CBB /* Project object */;
			proxyType = 1;
			remoteGlobalIDString = 5BEE38C61BBDA23200574CBB;
			remoteInfo = FunFacts;
		};
/* End PBXContainerItemProxy section */

/* Begin PBXFileReference section */
		5BEE38C71BBDA23200574CBB /* FunFacts.app */ = {isa = PBXFileReference; explicitFileType = wrapper.application; includeInIndex = 0; path = FunFacts.app; sourceTree = BUILT_PRODUCTS_DIR; };
		5BEE38CB1BBDA23200574CBB /* main.m */ = {isa = PBXFileReference; lastKnownFileType = sourcecode.c.objc; path = main.m; sourceTree = "<group>"; };
		5BEE38CD1BBDA23200574CBB /* AppDelegate.h */ = {isa = PBXFileReference; lastKnownFileType = sourcecode.c.h; path = AppDelegate.h; sourceTree = "<group>"; };
		5BEE38CE1BBDA23200574CBB /* AppDelegate.m */ = {isa = PBXFileReference; lastKnownFileType = sourcecode.c.objc; path = AppDelegate.m; sourceTree = "<group>"; };
		5BEE38D01BBDA23200574CBB /* ViewController.h */ = {isa = PBXFileReference; lastKnownFileType = sourcecode.c.h; path = ViewController.h; sourceTree = "<group>"; };
		5BEE38D11BBDA23200574CBB /* ViewController.m */ = {isa = PBXFileReference; lastKnownFileType = sourcecode.c.objc; path = ViewController.m; sourceTree = "<group>"; };
		5BEE38D41BBDA23200574CBB /* Base */ = {isa = PBXFileReference; lastKnownFileType = file.storyboard; name = Base; path = Base.lproj/Main.storyboard; sourceTree = "<group>"; };
		5BEE38D61BBDA23200574CBB /* Assets.xcassets */ = {isa = PBXFileReference; lastKnownFileType = folder.assetcatalog; path = Assets.xcassets; sourceTree = "<group>"; };
		5BEE38D91BBDA23200574CBB /* Base */ = {isa = PBXFileReference; lastKnownFileType = file.storyboard; name = Base; path = Base.lproj/LaunchScreen.storyboard; sourceTree = "<group>"; };
		5BEE38DB1BBDA23200574CBB /* Info.plist */ = {isa = PBXFileReference; lastKnownFileType = text.plist.xml; path = Info.plist; sourceTree = "<group>"; };
		5BEE38E01BBDA23200574CBB /* FunFactsTests.xctest */ = {isa = PBXFileReference; explicitFileType = wrapper.cfbundle; includeInIndex = 0; path = FunFactsTests.xctest; sourceTree = BUILT_PRODUCTS_DIR; };
		5BEE38E41BBDA23200574CBB /* FunFactsTests.m */ = {isa = PBXFileReference; lastKnownFileType = sourcecode.c.objc; path = FunFactsTests.m; sourceTree = "<group>"; };
		5BEE38E61BBDA23200574CBB /* Info.plist */ = {isa = PBXFileReference; lastKnownFileType = text.plist.xml; path = Info.plist; sourceTree = "<group>"; };
		5BEE38EB1BBDA23200574CBB /* FunFactsUITests.xctest */ = {isa = PBXFileReference; explicitFileType = wrapper.cfbundle; includeInIndex = 0; path = FunFactsUITests.xctest; sourceTree = BUILT_PRODUCTS_DIR; };
		5BEE38EF1BBDA23200574CBB /* FunFactsUITests.m */ = {isa = PBXFileReference; lastKnownFileType = sourcecode.c.objc; path = FunFactsUITests.m; sourceTree = "<group>"; };
		5BEE38F11BBDA23200574CBB /* Info.plist */ = {isa = PBXFileReference; lastKnownFileType = text.plist.xml; path = Info.plist; sourceTree = "<group>"; };
/* End PBXFileReference section */

/* Begin PBXFrameworksBuildPhase section */
		5BEE38C41BBDA23200574CBB /* Frameworks */ = {
			isa = PBXFrameworksBuildPhase;
			buildActionMask = 2147483647;
			files = (
			);
			runOnlyForDeploymentPostprocessing = 0;
		};
		5BEE38DD1BBDA23200574CBB /* Frameworks */ = {
			isa = PBXFrameworksBuildPhase;
			buildActionMask = 2147483647;
			files = (
			);
			runOnlyForDeploymentPostprocessing = 0;
		};
		5BEE38E81BBDA23200574CBB /* Frameworks */ = {
			isa = PBXFrameworksBuildPhase;
			buildActionMask = 2147483647;
			files = (
			);
			runOnlyForDeploymentPostprocessing = 0;
		};
/* End PBXFrameworksBuildPhase section */

/* Begin PBXGroup section */
		5BEE38BE1BBDA23200574CBB = {
			isa = PBXGroup;
			children = (
				5BEE38C91BBDA23200574CBB /* FunFacts */,
				5BEE38E31BBDA23200574CBB /* FunFactsTests */,
				5BEE38EE1BBDA23200574CBB /* FunFactsUITests */,
				5BEE38C81BBDA23200574CBB /* Products */,
			);
			sourceTree = "<group>";
		};
		5BEE38C81BBDA23200574CBB /* Products */ = {
			isa = PBXGroup;
			children = (
				5BEE38C71BBDA23200574CBB /* FunFacts.app */,
				5BEE38E01BBDA23200574CBB /* FunFactsTests.xctest */,
				5BEE38EB1BBDA23200574CBB /* FunFactsUITests.xctest */,
			);
			name = Products;
			sourceTree = "<group>";
		};
		5BEE38C91BBDA23200574CBB /* FunFacts */ = {
			isa = PBXGroup;
			children = (
				5BEE38CD1BBDA23200574CBB /* AppDelegate.h */,
				5BEE38CE1BBDA23200574CBB /* AppDelegate.m */,
				5BEE38D01BBDA23200574CBB /* ViewController.h */,
				5BEE38D11BBDA23200574CBB /* ViewController.m */,
				5BEE38D31BBDA23200574CBB /* Main.storyboard */,
				5BEE38D61BBDA23200574CBB /* Assets.xcassets */,
				5BEE38D81BBDA23200574CBB /* LaunchScreen.storyboard */,
				5BEE38DB1BBDA23200574CBB /* Info.plist */,
				5BEE38CA1BBDA23200574CBB /* Supporting Files */,
			);
			path = FunFacts;
			sourceTree = "<group>";
		};
		5BEE38CA1BBDA23200574CBB /* Supporting Files */ = {
			isa = PBXGroup;
			children = (
				5BEE38CB1BBDA23200574CBB /* main.m */,
			);
			name = "Supporting Files";
			sourceTree = "<group>";
		};
		5BEE38E31BBDA23200574CBB /* FunFactsTests */ = {
			isa = PBXGroup;
			children = (
				5BEE38E41BBDA23200574CBB /* FunFactsTests.m */,
				5BEE38E61BBDA23200574CBB /* Info.plist */,
			);
			path = FunFactsTests;
			sourceTree = "<group>";
		};
		5BEE38EE1BBDA23200574CBB /* FunFactsUITests */ = {
			isa = PBXGroup;
			children = (
				5BEE38EF1BBDA23200574CBB /* FunFactsUITests.m */,
				5BEE38F11BBDA23200574CBB /* Info.plist */,
			);
			path = FunFactsUITests;
			sourceTree = "<group>";
		};
/* End PBXGroup section */

/* Begin PBXNativeTarget section */
		5BEE38C61BBDA23200574CBB /* FunFacts */ = {
			isa = PBXNativeTarget;
			buildConfigurationList = 5BEE38F41BBDA23200574CBB /* Build configuration list for PBXNativeTarget "FunFacts" */;
			buildPhases = (
				5BEE38C31BBDA23200574CBB /* Sources */,
				5BEE38C41BBDA23200574CBB /* Frameworks */,
				5BEE38C51BBDA23200574CBB /* Resources */,
			);
			buildRules = (
			);
			dependencies = (
			);
			name = FunFacts;
			productName = FunFacts;
			productReference = 5BEE38C71BBDA23200574CBB /* FunFacts.app */;
			productType = "com.apple.product-type.application";
		};
		5BEE38DF1BBDA23200574CBB /* FunFactsTests */ = {
			isa = PBXNativeTarget;
			buildConfigurationList = 5BEE38F71BBDA23200574CBB /* Build configuration list for PBXNativeTarget "FunFactsTests" */;
			buildPhases = (
				5BEE38DC1BBDA23200574CBB /* Sources */,
				5BEE38DD1BBDA23200574CBB /* Frameworks */,
				5BEE38DE1BBDA23200574CBB /* Resources */,
			);
			buildRules = (
			);
			dependencies = (
				5BEE38E21BBDA23200574CBB /* PBXTargetDependency */,
			);
			name = FunFactsTests;
			productName = FunFactsTests;
			productReference = 5BEE38E01BBDA23200574CBB /* FunFactsTests.xctest */;
			productType = "com.apple.product-type.bundle.unit-test";
		};
		5BEE38EA1BBDA23200574CBB /* FunFactsUITests */ = {
			isa = PBXNativeTarget;
			buildConfigurationList = 5BEE38FA1BBDA23200574CBB /* Build configuration list for PBXNativeTarget "FunFactsUITests" */;
			buildPhases = (
				5BEE38E71BBDA23200574CBB /* Sources */,
				5BEE38E81BBDA23200574CBB /* Frameworks */,
				5BEE38E91BBDA23200574CBB /* Resources */,
			);
			buildRules = (
			);
			dependencies = (
				5BEE38ED1BBDA23200574CBB /* PBXTargetDependency */,
			);
			name = FunFactsUITests;
			productName = FunFactsUITests;
			productReference = 5BEE38EB1BBDA23200574CBB /* FunFactsUITests.xctest */;
			productType = "com.apple.product-type.bundle.ui-testing";
		};
/* End PBXNativeTarget section */

/* Begin PBXProject section */
		5BEE38BF1BBDA23200574CBB /* Project object */ = {
			isa = PBXProject;
			attributes = {
				LastUpgradeCheck = 0700;
				ORGANIZATIONNAME = "Jetwolfe Labs";
				TargetAttributes = {
					5BEE38C61BBDA23200574CBB = {
						CreatedOnToolsVersion = 7.0.1;
					};
					5BEE38DF1BBDA23200574CBB = {
						CreatedOnToolsVersion = 7.0.1;
						TestTargetID = 5BEE38C61BBDA23200574CBB;
					};
					5BEE38EA1BBDA23200574CBB = {
						CreatedOnToolsVersion = 7.0.1;
						TestTargetID = 5BEE38C61BBDA23200574CBB;
					};
				};
			};
			buildConfigurationList = 5BEE38C21BBDA23200574CBB /* Build configuration list for PBXProject "FunFacts" */;
			compatibilityVersion = "Xcode 3.2";
			developmentRegion = English;
			hasScannedForEncodings = 0;
			knownRegions = (
				en,
				Base,
			);
			mainGroup = 5BEE38BE1BBDA23200574CBB;
			productRefGroup = 5BEE38C81BBDA23200574CBB /* Products */;
			projectDirPath = "";
			projectRoot = "";
			targets = (
				5BEE38C61BBDA23200574CBB /* FunFacts */,
				5BEE38DF1BBDA23200574CBB /* FunFactsTests */,
				5BEE38EA1BBDA23200574CBB /* FunFactsUITests */,
			);
		};
/* End PBXProject section */

/* Begin PBXResourcesBuildPhase section */
		5BEE38C51BBDA23200574CBB /* Resources */ = {
			isa = PBXResourcesBuildPhase;
			buildActionMask = 2147483647;
			files = (
				5BEE38DA1BBDA23200574CBB /* LaunchScreen.storyboard in Resources */,
				5BEE38D71BBDA23200574CBB /* Assets.xcassets in Resources */,
				5BEE38D51BBDA23200574CBB /* Main.storyboard in Resources */,
			);
			runOnlyForDeploymentPostprocessing = 0;
		};
		5BEE38DE1BBDA23200574CBB /* Resources */ = {
			isa = PBXResourcesBuildPhase;
			buildActionMask = 2147483647;
			files = (
			);
			runOnlyForDeploymentPostprocessing = 0;
		};
		5BEE38E91BBDA23200574CBB /* Resources */ = {
			isa = PBXResourcesBuildPhase;
			buildActionMask = 2147483647;
			files = (
			);
			runOnlyForDeploymentPostprocessing = 0;
		};
/* End PBXResourcesBuildPhase section */

/* Begin PBXSourcesBuildPhase section */
		5BEE38C31BBDA23200574CBB /* Sources */ = {
			isa = PBXSourcesBuildPhase;
			buildActionMask = 2147483647;
			files = (
				5BEE38D21BBDA23200574CBB /* ViewController.m in Sources */,
				5BEE38CF1BBDA23200574CBB /* AppDelegate.m in Sources */,
				5BEE38CC1BBDA23200574CBB /* main.m in Sources */,
			);
			runOnlyForDeploymentPostprocessing = 0;
		};
		5BEE38DC1BBDA23200574CBB /* Sources */ = {
			isa = PBXSourcesBuildPhase;
			buildActionMask = 2147483647;
			files = (
				5BEE38E51BBDA23200574CBB /* FunFactsTests.m in Sources */,
			);
			runOnlyForDeploymentPostprocessing = 0;
		};
		5BEE38E71BBDA23200574CBB /* Sources */ = {
			isa = PBXSourcesBuildPhase;
			buildActionMask = 2147483647;
			files = (
				5BEE38F01BBDA23200574CBB /* FunFactsUITests.m in Sources */,
			);
			runOnlyForDeploymentPostprocessing = 0;
		};
/* End PBXSourcesBuildPhase section */

/* Begin PBXTargetDependency section */
		5BEE38E21BBDA23200574CBB /* PBXTargetDependency */ = {
			isa = PBXTargetDependency;
			target = 5BEE38C61BBDA23200574CBB /* FunFacts */;
			targetProxy = 5BEE38E11BBDA23200574CBB /* PBXContainerItemProxy */;
		};
		5BEE38ED1BBDA23200574CBB /* PBXTargetDependency */ = {
			isa = PBXTargetDependency;
			target = 5BEE38C61BBDA23200574CBB /* FunFacts */;
			targetProxy = 5BEE38EC1BBDA23200574CBB /* PBXContainerItemProxy */;
		};
/* End PBXTargetDependency section */

/* Begin PBXVariantGroup section */
		5BEE38D31BBDA23200574CBB /* Main.storyboard */ = {
			isa = PBXVariantGroup;
			children = (
				5BEE38D41BBDA23200574CBB /* Base */,
			);
			name = Main.storyboard;
			sourceTree = "<group>";
		};
		5BEE38D81BBDA23200574CBB /* LaunchScreen.storyboard */ = {
			isa = PBXVariantGroup;
			children = (
				5BEE38D91BBDA23200574CBB /* Base */,
			);
			name = LaunchScreen.storyboard;
			sourceTree = "<group>";
		};
/* End PBXVariantGroup section */

/* Begin XCBuildConfiguration section */
		5BEE38F21BBDA23200574CBB /* Debug */ = {
			isa = XCBuildConfiguration;
			buildSettings = {
				ALWAYS_SEARCH_USER_PATHS = NO;
				CLANG_CXX_LANGUAGE_STANDARD = "gnu++0x";
				CLANG_CXX_LIBRARY = "libc++";
				CLANG_ENABLE_MODULES = YES;
				CLANG_ENABLE_OBJC_ARC = YES;
				CLANG_WARN_BOOL_CONVERSION = YES;
				CLANG_WARN_CONSTANT_CONVERSION = YES;
				CLANG_WARN_DIRECT_OBJC_ISA_USAGE = YES_ERROR;
				CLANG_WARN_EMPTY_BODY = YES;
				CLANG_WARN_ENUM_CONVERSION = YES;
				CLANG_WARN_INT_CONVERSION = YES;
				CLANG_WARN_OBJC_ROOT_CLASS = YES_ERROR;
				CLANG_WARN_UNREACHABLE_CODE = YES;
				CLANG_WARN__DUPLICATE_METHOD_MATCH = YES;
				"CODE_SIGN_IDENTITY[sdk=iphoneos*]" = "iPhone Developer";
				COPY_PHASE_STRIP = NO;
				DEBUG_INFORMATION_FORMAT = dwarf;
				ENABLE_STRICT_OBJC_MSGSEND = YES;
				ENABLE_TESTABILITY = YES;
				GCC_C_LANGUAGE_STANDARD = gnu99;
				GCC_DYNAMIC_NO_PIC = NO;
				GCC_NO_COMMON_BLOCKS = YES;
				GCC_OPTIMIZATION_LEVEL = 0;
				GCC_PREPROCESSOR_DEFINITIONS = (
					"DEBUG=1",
					"$(inherited)",
				);
				GCC_WARN_64_TO_32_BIT_CONVERSION = YES;
				GCC_WARN_ABOUT_RETURN_TYPE = YES_ERROR;
				GCC_WARN_UNDECLARED_SELECTOR = YES;
				GCC_WARN_UNINITIALIZED_AUTOS = YES_AGGRESSIVE;
				GCC_WARN_UNUSED_FUNCTION = YES;
				GCC_WARN_UNUSED_VARIABLE = YES;
				IPHONEOS_DEPLOYMENT_TARGET = 9.0;
				MTL_ENABLE_DEBUG_INFO = YES;
				ONLY_ACTIVE_ARCH = YES;
				SDKROOT = iphoneos;
			};
			name = Debug;
		};
		5BEE38F31BBDA23200574CBB /* Release */ = {
			isa = XCBuildConfiguration;
			buildSettings = {
				ALWAYS_SEARCH_USER_PATHS = NO;
				CLANG_CXX_LANGUAGE_STANDARD = "gnu++0x";
				CLANG_CXX_LIBRARY = "libc++";
				CLANG_ENABLE_MODULES = YES;
				CLANG_ENABLE_OBJC_ARC = YES;
				CLANG_WARN_BOOL_CONVERSION = YES;
				CLANG_WARN_CONSTANT_CONVERSION = YES;
				CLANG_WARN_DIRECT_OBJC_ISA_USAGE = YES_ERROR;
				CLANG_WARN_EMPTY_BODY = YES;
				CLANG_WARN_ENUM_CONVERSION = YES;
				CLANG_WARN_INT_CONVERSION = YES;
				CLANG_WARN_OBJC_ROOT_CLASS = YES_ERROR;
				CLANG_WARN_UNREACHABLE_CODE = YES;
				CLANG_WARN__DUPLICATE_METHOD_MATCH = YES;
				"CODE_SIGN_IDENTITY[sdk=iphoneos*]" = "iPhone Developer";
				COPY_PHASE_STRIP = NO;
				DEBUG_INFORMATION_FORMAT = "dwarf-with-dsym";
				ENABLE_NS_ASSERTIONS = NO;
				ENABLE_STRICT_OBJC_MSGSEND = YES;
				GCC_C_LANGUAGE_STANDARD = gnu99;
				GCC_NO_COMMON_BLOCKS = YES;
				GCC_WARN_64_TO_32_BIT_CONVERSION = YES;
				GCC_WARN_ABOUT_RETURN_TYPE = YES_ERROR;
				GCC_WARN_UNDECLARED_SELECTOR = YES;
				GCC_WARN_UNINITIALIZED_AUTOS = YES_AGGRESSIVE;
				GCC_WARN_UNUSED_FUNCTION = YES;
				GCC_WARN_UNUSED_VARIABLE = YES;
				IPHONEOS_DEPLOYMENT_TARGET = 9.0;
				MTL_ENABLE_DEBUG_INFO = NO;
				SDKROOT = iphoneos;
				VALIDATE_PRODUCT = YES;
			};
			name = Release;
		};
		5BEE38F51BBDA23200574CBB /* Debug */ = {
			isa = XCBuildConfiguration;
			buildSettings = {
				ASSETCATALOG_COMPILER_APPICON_NAME = AppIcon;
				INFOPLIST_FILE = FunFacts/Info.plist;
				LD_RUNPATH_SEARCH_PATHS = "$(inherited) @executable_path/Frameworks";
				PRODUCT_BUNDLE_IDENTIFIER = com.jetwolfelabs.FunFacts;
				PRODUCT_NAME = "$(TARGET_NAME)";
			};
			name = Debug;
		};
		5BEE38F61BBDA23200574CBB /* Release */ = {
			isa = XCBuildConfiguration;
			buildSettings = {
				ASSETCATALOG_COMPILER_APPICON_NAME = AppIcon;
				INFOPLIST_FILE = FunFacts/Info.plist;
				LD_RUNPATH_SEARCH_PATHS = "$(inherited) @executable_path/Frameworks";
				PRODUCT_BUNDLE_IDENTIFIER = com.jetwolfelabs.FunFacts;
				PRODUCT_NAME = "$(TARGET_NAME)";
			};
			name = Release;
		};
		5BEE38F81BBDA23200574CBB /* Debug */ = {
			isa = XCBuildConfiguration;
			buildSettings = {
				BUNDLE_LOADER = "$(TEST_HOST)";
				INFOPLIST_FILE = FunFactsTests/Info.plist;
				LD_RUNPATH_SEARCH_PATHS = "$(inherited) @executable_path/Frameworks @loader_path/Frameworks";
				PRODUCT_BUNDLE_IDENTIFIER = com.jetwolfelabs.FunFactsTests;
				PRODUCT_NAME = "$(TARGET_NAME)";
				TEST_HOST = "$(BUILT_PRODUCTS_DIR)/FunFacts.app/FunFacts";
			};
			name = Debug;
		};
		5BEE38F91BBDA23200574CBB /* Release */ = {
			isa = XCBuildConfiguration;
			buildSettings = {
				BUNDLE_LOADER = "$(TEST_HOST)";
				INFOPLIST_FILE = FunFactsTests/Info.plist;
				LD_RUNPATH_SEARCH_PATHS = "$(inherited) @executable_path/Frameworks @loader_path/Frameworks";
				PRODUCT_BUNDLE_IDENTIFIER = com.jetwolfelabs.FunFactsTests;
				PRODUCT_NAME = "$(TARGET_NAME)";
				TEST_HOST = "$(BUILT_PRODUCTS_DIR)/FunFacts.app/FunFacts";
			};
			name = Release;
		};
		5BEE38FB1BBDA23200574CBB /* Debug */ = {
			isa = XCBuildConfiguration;
			buildSettings = {
				INFOPLIST_FILE = FunFactsUITests/Info.plist;
				LD_RUNPATH_SEARCH_PATHS = "$(inherited) @executable_path/Frameworks @loader_path/Frameworks";
				PRODUCT_BUNDLE_IDENTIFIER = com.jetwolfelabs.FunFactsUITests;
				PRODUCT_NAME = "$(TARGET_NAME)";
				TEST_TARGET_NAME = FunFacts;
				USES_XCTRUNNER = YES;
			};
			name = Debug;
		};
		5BEE38FC1BBDA23200574CBB /* Release */ = {
			isa = XCBuildConfiguration;
			buildSettings = {
				INFOPLIST_FILE = FunFactsUITests/Info.plist;
				LD_RUNPATH_SEARCH_PATHS = "$(inherited) @executable_path/Frameworks @loader_path/Frameworks";
				PRODUCT_BUNDLE_IDENTIFIER = com.jetwolfelabs.FunFactsUITests;
				PRODUCT_NAME = "$(TARGET_NAME)";
				TEST_TARGET_NAME = FunFacts;
				USES_XCTRUNNER = YES;
			};
			name = Release;
		};
/* End XCBuildConfiguration section */

/* Begin XCConfigurationList section */
		5BEE38C21BBDA23200574CBB /* Build configuration list for PBXProject "FunFacts" */ = {
			isa = XCConfigurationList;
			buildConfigurations = (
				5BEE38F21BBDA23200574CBB /* Debug */,
				5BEE38F31BBDA23200574CBB /* Release */,
			);
			defaultConfigurationIsVisible = 0;
			defaultConfigurationName = Release;
		};
		5BEE38F41BBDA23200574CBB /* Build configuration list for PBXNativeTarget "FunFacts" */ = {
			isa = XCConfigurationList;
			buildConfigurations = (
				5BEE38F51BBDA23200574CBB /* Debug */,
				5BEE38F61BBDA23200574CBB /* Release */,
			);
			defaultConfigurationIsVisible = 0;
		};
		5BEE38F71BBDA23200574CBB /* Build configuration list for PBXNativeTarget "FunFactsTests" */ = {
			isa = XCConfigurationList;
			buildConfigurations = (
				5BEE38F81BBDA23200574CBB /* Debug */,
				5BEE38F91BBDA23200574CBB /* Release */,
			);
			defaultConfigurationIsVisible = 0;
		};
		5BEE38FA1BBDA23200574CBB /* Build configuration list for PBXNativeTarget "FunFactsUITests" */ = {
			isa = XCConfigurationList;
			buildConfigurations = (
				5BEE38FB1BBDA23200574CBB /* Debug */,
				5BEE38FC1BBDA23200574CBB /* Release */,
			);
			defaultConfigurationIsVisible = 0;
		};
/* End XCConfigurationList section */
	};
	rootObject = 5BEE38BF1BBDA23200574CBB /* Project object */;
}
